// !$*UTF8*$!
{
	archiveVersion = 1;
	classes = {
	};
	objectVersion = 55;
	objects = {

/* Begin PBXBuildFile section */
		7712D6B7288957E5007D14A8 /* DeleteBatch.swift in Sources */ = {isa = PBXBuildFile; fileRef = 7712D6B6288957E5007D14A8 /* DeleteBatch.swift */; };
		77185641287F160C00FCCC21 /* MainView.swift in Sources */ = {isa = PBXBuildFile; fileRef = 77185640287F160C00FCCC21 /* MainView.swift */; };
		774E6E49287E0A7D0060AA44 /* LogInView.swift in Sources */ = {isa = PBXBuildFile; fileRef = 774E6E48287E0A7D0060AA44 /* LogInView.swift */; };
		7754973128806B5700475397 /* EmptyListView.swift in Sources */ = {isa = PBXBuildFile; fileRef = 7754973028806B5700475397 /* EmptyListView.swift */; };
		775497332880944D00475397 /* TableNewProductView.swift in Sources */ = {isa = PBXBuildFile; fileRef = 775497322880944D00475397 /* TableNewProductView.swift */; };
		7762E7E8298936A900296F6C /* MonthlyInvoicesView.swift in Sources */ = {isa = PBXBuildFile; fileRef = 7762E7E7298936A900296F6C /* MonthlyInvoicesView.swift */; };
		776518D0286B1F3B0063197A /* FirebaseDatabase in Frameworks */ = {isa = PBXBuildFile; productRef = 776518CF286B1F3B0063197A /* FirebaseDatabase */; settings = {ATTRIBUTES = (Weak, ); }; };
		776518D2286B1F3B0063197A /* FirebaseFirestore in Frameworks */ = {isa = PBXBuildFile; productRef = 776518D1286B1F3B0063197A /* FirebaseFirestore */; settings = {ATTRIBUTES = (Weak, ); }; };
		776518D5286B21240063197A /* Printer in Frameworks */ = {isa = PBXBuildFile; productRef = 776518D4286B21240063197A /* Printer */; settings = {ATTRIBUTES = (Weak, ); }; };
		776518D7286B361B0063197A /* OnlineOrders.swift in Sources */ = {isa = PBXBuildFile; fileRef = 776518D6286B361B0063197A /* OnlineOrders.swift */; };
		777021FB29236AC600BB85F5 /* stock.csv in Resources */ = {isa = PBXBuildFile; fileRef = 777021FA29236AC600BB85F5 /* stock.csv */; };
		77793F6428E02F8600EE4748 /* GoogleService-Info.plist in Resources */ = {isa = PBXBuildFile; fileRef = 77793F6328E02F8600EE4748 /* GoogleService-Info.plist */; };
		7797182A29752E0C00D486DE /* CheckoutComponents.swift in Sources */ = {isa = PBXBuildFile; fileRef = 7797182929752E0C00D486DE /* CheckoutComponents.swift */; };
		77A4AF7B288AB9E8004F00B7 /* AddView.swift in Sources */ = {isa = PBXBuildFile; fileRef = 77A4AF7A288AB9E8004F00B7 /* AddView.swift */; };
		77A84FA32962D0C5001F627C /* LoginPopUp.swift in Sources */ = {isa = PBXBuildFile; fileRef = 77A84FA22962D0C5001F627C /* LoginPopUp.swift */; };
		77CD40F929756EA500D659FF /* CashBoxView.swift in Sources */ = {isa = PBXBuildFile; fileRef = 77CD40F829756EA500D659FF /* CashBoxView.swift */; };
		77CF959D2922656E000A972A /* ReadCSV.swift in Sources */ = {isa = PBXBuildFile; fileRef = 77CF959C2922656E000A972A /* ReadCSV.swift */; };
		77E03A7D28795C5300EFC57C /* Localizable.strings in Resources */ = {isa = PBXBuildFile; fileRef = 77E03A7F28795C5300EFC57C /* Localizable.strings */; };
		77E03A85287B2E9E00EFC57C /* LocalizationExtension.swift in Sources */ = {isa = PBXBuildFile; fileRef = 77E03A84287B2E9E00EFC57C /* LocalizationExtension.swift */; };
		77E03A88287B54B000EFC57C /* FirebaseFirestoreSwift in Frameworks */ = {isa = PBXBuildFile; productRef = 77E03A87287B54B000EFC57C /* FirebaseFirestoreSwift */; settings = {ATTRIBUTES = (Weak, ); }; };
		77E03AA8287B998900EFC57C /* QRCaptureSessionView.swift in Sources */ = {isa = PBXBuildFile; fileRef = 77E03AA7287B998900EFC57C /* QRCaptureSessionView.swift */; };
		77ED48A12986CFF900D3FC20 /* cashTextField.swift in Sources */ = {isa = PBXBuildFile; fileRef = 77ED48A02986CFF900D3FC20 /* cashTextField.swift */; };
		77ED48A32986D02100D3FC20 /* CashBoxPopUpView.swift in Sources */ = {isa = PBXBuildFile; fileRef = 77ED48A22986D02100D3FC20 /* CashBoxPopUpView.swift */; };
		77ED48A52986D06400D3FC20 /* CashBox.swift in Sources */ = {isa = PBXBuildFile; fileRef = 77ED48A42986D06400D3FC20 /* CashBox.swift */; };
		77ED48A72986D16600D3FC20 /* CashBoxViewModel.swift in Sources */ = {isa = PBXBuildFile; fileRef = 77ED48A62986D16600D3FC20 /* CashBoxViewModel.swift */; };
		77ED48A92986D18C00D3FC20 /* BoxInvoiceView.swift in Sources */ = {isa = PBXBuildFile; fileRef = 77ED48A82986D18C00D3FC20 /* BoxInvoiceView.swift */; };
		77ED48AB2986D1E300D3FC20 /* SearchInvoiceView.swift in Sources */ = {isa = PBXBuildFile; fileRef = 77ED48AA2986D1E300D3FC20 /* SearchInvoiceView.swift */; };
		77ED48AD2986D26700D3FC20 /* OpeningBoxInvoiceView.swift in Sources */ = {isa = PBXBuildFile; fileRef = 77ED48AC2986D26700D3FC20 /* OpeningBoxInvoiceView.swift */; };
		77F8C75A287DB99B0078EACD /* NumbersFormatter.swift in Sources */ = {isa = PBXBuildFile; fileRef = 77F8C759287DB99B0078EACD /* NumbersFormatter.swift */; };
		77FFD74F298BB094000A1CD6 /* DailyBillsView.swift in Sources */ = {isa = PBXBuildFile; fileRef = 77FFD74E298BB094000A1CD6 /* DailyBillsView.swift */; };
		77FFE33D2975256B0034143D /* InvoiceRow.swift in Sources */ = {isa = PBXBuildFile; fileRef = 77FFE33C2975256B0034143D /* InvoiceRow.swift */; };
		77FFE33F297525830034143D /* SelectedInvoiceView.swift in Sources */ = {isa = PBXBuildFile; fileRef = 77FFE33E297525830034143D /* SelectedInvoiceView.swift */; };
		77FFE341297527FA0034143D /* InvoiceView.swift in Sources */ = {isa = PBXBuildFile; fileRef = 77FFE340297527FA0034143D /* InvoiceView.swift */; };
		77FFE343297528160034143D /* InvoiceViewModel.swift in Sources */ = {isa = PBXBuildFile; fileRef = 77FFE342297528160034143D /* InvoiceViewModel.swift */; };
		A6125B652868CA26001D6B37 /* Batch.swift in Sources */ = {isa = PBXBuildFile; fileRef = A6125B642868CA26001D6B37 /* Batch.swift */; };
		A645F7502875B0FE007D4A32 /* BatcheViewModel.swift in Sources */ = {isa = PBXBuildFile; fileRef = A645F74F2875B0FE007D4A32 /* BatcheViewModel.swift */; };
		A68526EF287E302700DE6D59 /* User.swift in Sources */ = {isa = PBXBuildFile; fileRef = A68526EE287E302700DE6D59 /* User.swift */; };
		A68526F1287E309200DE6D59 /* AuthViewModel.swift in Sources */ = {isa = PBXBuildFile; fileRef = A68526F0287E309200DE6D59 /* AuthViewModel.swift */; };
		A68526F4287E311D00DE6D59 /* FirebaseAuth in Frameworks */ = {isa = PBXBuildFile; productRef = A68526F3287E311D00DE6D59 /* FirebaseAuth */; settings = {ATTRIBUTES = (Weak, ); }; };
		A68526F6287E311D00DE6D59 /* FirebaseAuthCombine-Community in Frameworks */ = {isa = PBXBuildFile; productRef = A68526F5287E311D00DE6D59 /* FirebaseAuthCombine-Community */; settings = {ATTRIBUTES = (Weak, ); }; };
		A68526FA287E365200DE6D59 /* AppKeys.swift in Sources */ = {isa = PBXBuildFile; fileRef = A68526F9287E365200DE6D59 /* AppKeys.swift */; };
		A6BF0A682881FCB500D29746 /* OrderSearchView.swift in Sources */ = {isa = PBXBuildFile; fileRef = A6BF0A672881FCB500D29746 /* OrderSearchView.swift */; };
		A6BF0A6A2881FF4C00D29746 /* CameraView.swift in Sources */ = {isa = PBXBuildFile; fileRef = A6BF0A692881FF4C00D29746 /* CameraView.swift */; };
		EE0657692850A9D700E5C372 /* DerhaApp.swift in Sources */ = {isa = PBXBuildFile; fileRef = EE0657682850A9D700E5C372 /* DerhaApp.swift */; };
		EE06576D2850A9D700E5C372 /* Assets.xcassets in Resources */ = {isa = PBXBuildFile; fileRef = EE06576C2850A9D700E5C372 /* Assets.xcassets */; };
		EE0657702850A9D700E5C372 /* Preview Assets.xcassets in Resources */ = {isa = PBXBuildFile; fileRef = EE06576F2850A9D700E5C372 /* Preview Assets.xcassets */; };
		EE2245F82850D899008AE8C5 /* CustomTextField.swift in Sources */ = {isa = PBXBuildFile; fileRef = EE2245F72850D899008AE8C5 /* CustomTextField.swift */; };
		EE2245FE2850DBB6008AE8C5 /* ProductViewModel.swift in Sources */ = {isa = PBXBuildFile; fileRef = EE2245FD2850DBB6008AE8C5 /* ProductViewModel.swift */; };
		EE38A1B52852026400BC9E7C /* ClearButton.swift in Sources */ = {isa = PBXBuildFile; fileRef = EE38A1B42852026400BC9E7C /* ClearButton.swift */; };
		EE38A1B72852028A00BC9E7C /* AddButton.swift in Sources */ = {isa = PBXBuildFile; fileRef = EE38A1B62852028A00BC9E7C /* AddButton.swift */; };
		EEC903CC28645170007B666A /* StockView.swift in Sources */ = {isa = PBXBuildFile; fileRef = EEC903CB28645170007B666A /* StockView.swift */; };
		EEC903CE2864517B007B666A /* ListView.swift in Sources */ = {isa = PBXBuildFile; fileRef = EEC903CD2864517B007B666A /* ListView.swift */; };
		EEC903D028645204007B666A /* EditProductInfoPage.swift in Sources */ = {isa = PBXBuildFile; fileRef = EEC903CF28645204007B666A /* EditProductInfoPage.swift */; };
		EEC903D228645227007B666A /* SearchView.swift in Sources */ = {isa = PBXBuildFile; fileRef = EEC903D128645227007B666A /* SearchView.swift */; };
		EEC903DA2864618C007B666A /* PreviewLayoutComponentModifier.swift in Sources */ = {isa = PBXBuildFile; fileRef = EEC903D92864618C007B666A /* PreviewLayoutComponentModifier.swift */; };
		EEC903DC286461DF007B666A /* PrinterExtension.swift in Sources */ = {isa = PBXBuildFile; fileRef = EEC903DB286461DF007B666A /* PrinterExtension.swift */; };
		EEC903DE28646239007B666A /* Printer+Extensions.swift in Sources */ = {isa = PBXBuildFile; fileRef = EEC903DD28646239007B666A /* Printer+Extensions.swift */; };
		EEC903E028646294007B666A /* PaymentSwiftUIView.swift in Sources */ = {isa = PBXBuildFile; fileRef = EEC903DF28646294007B666A /* PaymentSwiftUIView.swift */; };
		EEC903E3286462F9007B666A /* PopUpView.swift in Sources */ = {isa = PBXBuildFile; fileRef = EEC903E2286462F9007B666A /* PopUpView.swift */; };
		EEC903E52864632D007B666A /* TextFieldView.swift in Sources */ = {isa = PBXBuildFile; fileRef = EEC903E42864632D007B666A /* TextFieldView.swift */; };
		EEC903E728646352007B666A /* OrderView.swift in Sources */ = {isa = PBXBuildFile; fileRef = EEC903E628646352007B666A /* OrderView.swift */; };
		EEC903E928646397007B666A /* OrderViewModel.swift in Sources */ = {isa = PBXBuildFile; fileRef = EEC903E828646397007B666A /* OrderViewModel.swift */; };
		EEC903EB286463B0007B666A /* StoreViewModel.swift in Sources */ = {isa = PBXBuildFile; fileRef = EEC903EA286463B0007B666A /* StoreViewModel.swift */; };
		EEC903ED286463D8007B666A /* PrintManager.swift in Sources */ = {isa = PBXBuildFile; fileRef = EEC903EC286463D8007B666A /* PrintManager.swift */; };
		EEC903EF28646408007B666A /* Order.swift in Sources */ = {isa = PBXBuildFile; fileRef = EEC903EE28646408007B666A /* Order.swift */; };
		EEC903F12864641E007B666A /* OrderItems.swift in Sources */ = {isa = PBXBuildFile; fileRef = EEC903F02864641E007B666A /* OrderItems.swift */; };
		EEC903F32864643C007B666A /* Invoice.swift in Sources */ = {isa = PBXBuildFile; fileRef = EEC903F22864643C007B666A /* Invoice.swift */; };
		EEC903F528646452007B666A /* Store.swift in Sources */ = {isa = PBXBuildFile; fileRef = EEC903F428646452007B666A /* Store.swift */; };
		EEC903F728646465007B666A /* PrinterSize.swift in Sources */ = {isa = PBXBuildFile; fileRef = EEC903F628646465007B666A /* PrinterSize.swift */; };
		EEC903F928646476007B666A /* QRManager.swift in Sources */ = {isa = PBXBuildFile; fileRef = EEC903F828646476007B666A /* QRManager.swift */; };
		EECE13F02854A3D800D2775E /* Product.swift in Sources */ = {isa = PBXBuildFile; fileRef = EECE13EF2854A3D800D2775E /* Product.swift */; };
		EECEEED6285905FE00E09A69 /* AddNewProductView.swift in Sources */ = {isa = PBXBuildFile; fileRef = EECEEED5285905FE00E09A69 /* AddNewProductView.swift */; };
		EED945CB2863AEAD00BD60EF /* TabView.swift in Sources */ = {isa = PBXBuildFile; fileRef = EED945CA2863AEAD00BD60EF /* TabView.swift */; };
/* End PBXBuildFile section */

/* Begin PBXFileReference section */
		7712D6B6288957E5007D14A8 /* DeleteBatch.swift */ = {isa = PBXFileReference; lastKnownFileType = sourcecode.swift; path = DeleteBatch.swift; sourceTree = "<group>"; };
		77185640287F160C00FCCC21 /* MainView.swift */ = {isa = PBXFileReference; lastKnownFileType = sourcecode.swift; path = MainView.swift; sourceTree = "<group>"; };
		771BBC6D28831656001FF560 /* Derha.entitlements */ = {isa = PBXFileReference; lastKnownFileType = text.plist.entitlements; path = Derha.entitlements; sourceTree = "<group>"; };
		774E6E48287E0A7D0060AA44 /* LogInView.swift */ = {isa = PBXFileReference; lastKnownFileType = sourcecode.swift; path = LogInView.swift; sourceTree = "<group>"; };
		7754973028806B5700475397 /* EmptyListView.swift */ = {isa = PBXFileReference; lastKnownFileType = sourcecode.swift; path = EmptyListView.swift; sourceTree = "<group>"; };
		775497322880944D00475397 /* TableNewProductView.swift */ = {isa = PBXFileReference; lastKnownFileType = sourcecode.swift; path = TableNewProductView.swift; sourceTree = "<group>"; };
		7762E7E7298936A900296F6C /* MonthlyInvoicesView.swift */ = {isa = PBXFileReference; lastKnownFileType = sourcecode.swift; path = MonthlyInvoicesView.swift; sourceTree = "<group>"; };
		776518D6286B361B0063197A /* OnlineOrders.swift */ = {isa = PBXFileReference; lastKnownFileType = sourcecode.swift; path = OnlineOrders.swift; sourceTree = "<group>"; };
		777021FA29236AC600BB85F5 /* stock.csv */ = {isa = PBXFileReference; fileEncoding = 4; lastKnownFileType = text; path = stock.csv; sourceTree = "<group>"; };
		77793F6328E02F8600EE4748 /* GoogleService-Info.plist */ = {isa = PBXFileReference; fileEncoding = 4; lastKnownFileType = text.plist.xml; name = "GoogleService-Info.plist"; path = "../../../Downloads/GoogleService-Info.plist"; sourceTree = "<group>"; };
		7797182929752E0C00D486DE /* CheckoutComponents.swift */ = {isa = PBXFileReference; lastKnownFileType = sourcecode.swift; path = CheckoutComponents.swift; sourceTree = "<group>"; };
		77A4AF7A288AB9E8004F00B7 /* AddView.swift */ = {isa = PBXFileReference; lastKnownFileType = sourcecode.swift; path = AddView.swift; sourceTree = "<group>"; };
		77A84FA22962D0C5001F627C /* LoginPopUp.swift */ = {isa = PBXFileReference; lastKnownFileType = sourcecode.swift; path = LoginPopUp.swift; sourceTree = "<group>"; };
		77CD40F829756EA500D659FF /* CashBoxView.swift */ = {isa = PBXFileReference; lastKnownFileType = sourcecode.swift; path = CashBoxView.swift; sourceTree = "<group>"; };
		77CF959C2922656E000A972A /* ReadCSV.swift */ = {isa = PBXFileReference; lastKnownFileType = sourcecode.swift; path = ReadCSV.swift; sourceTree = "<group>"; };
		77E03A8028795C5F00EFC57C /* en */ = {isa = PBXFileReference; lastKnownFileType = text.plist.strings; name = en; path = en.lproj/Localizable.strings; sourceTree = "<group>"; };
		77E03A812879671D00EFC57C /* ar */ = {isa = PBXFileReference; lastKnownFileType = text.plist.strings; name = ar; path = ar.lproj/Localizable.strings; sourceTree = "<group>"; };
		77E03A83287999FC00EFC57C /* hi */ = {isa = PBXFileReference; lastKnownFileType = text.plist.strings; name = hi; path = hi.lproj/Localizable.strings; sourceTree = "<group>"; };
		77E03A84287B2E9E00EFC57C /* LocalizationExtension.swift */ = {isa = PBXFileReference; lastKnownFileType = sourcecode.swift; path = LocalizationExtension.swift; sourceTree = "<group>"; };
		77E03AA7287B998900EFC57C /* QRCaptureSessionView.swift */ = {isa = PBXFileReference; lastKnownFileType = sourcecode.swift; path = QRCaptureSessionView.swift; sourceTree = "<group>"; };
		77ED48A02986CFF900D3FC20 /* cashTextField.swift */ = {isa = PBXFileReference; lastKnownFileType = sourcecode.swift; path = cashTextField.swift; sourceTree = "<group>"; };
		77ED48A22986D02100D3FC20 /* CashBoxPopUpView.swift */ = {isa = PBXFileReference; lastKnownFileType = sourcecode.swift; path = CashBoxPopUpView.swift; sourceTree = "<group>"; };
		77ED48A42986D06400D3FC20 /* CashBox.swift */ = {isa = PBXFileReference; lastKnownFileType = sourcecode.swift; path = CashBox.swift; sourceTree = "<group>"; };
		77ED48A62986D16600D3FC20 /* CashBoxViewModel.swift */ = {isa = PBXFileReference; lastKnownFileType = sourcecode.swift; path = CashBoxViewModel.swift; sourceTree = "<group>"; };
		77ED48A82986D18C00D3FC20 /* BoxInvoiceView.swift */ = {isa = PBXFileReference; lastKnownFileType = sourcecode.swift; path = BoxInvoiceView.swift; sourceTree = "<group>"; };
		77ED48AA2986D1E300D3FC20 /* SearchInvoiceView.swift */ = {isa = PBXFileReference; lastKnownFileType = sourcecode.swift; path = SearchInvoiceView.swift; sourceTree = "<group>"; };
		77ED48AC2986D26700D3FC20 /* OpeningBoxInvoiceView.swift */ = {isa = PBXFileReference; lastKnownFileType = sourcecode.swift; path = OpeningBoxInvoiceView.swift; sourceTree = "<group>"; };
		77F8C759287DB99B0078EACD /* NumbersFormatter.swift */ = {isa = PBXFileReference; lastKnownFileType = sourcecode.swift; path = NumbersFormatter.swift; sourceTree = "<group>"; };
		77FFD74E298BB094000A1CD6 /* DailyBillsView.swift */ = {isa = PBXFileReference; lastKnownFileType = sourcecode.swift; path = DailyBillsView.swift; sourceTree = "<group>"; };
		77FFE33C2975256B0034143D /* InvoiceRow.swift */ = {isa = PBXFileReference; lastKnownFileType = sourcecode.swift; path = InvoiceRow.swift; sourceTree = "<group>"; };
		77FFE33E297525830034143D /* SelectedInvoiceView.swift */ = {isa = PBXFileReference; lastKnownFileType = sourcecode.swift; path = SelectedInvoiceView.swift; sourceTree = "<group>"; };
		77FFE340297527FA0034143D /* InvoiceView.swift */ = {isa = PBXFileReference; lastKnownFileType = sourcecode.swift; path = InvoiceView.swift; sourceTree = "<group>"; };
		77FFE342297528160034143D /* InvoiceViewModel.swift */ = {isa = PBXFileReference; lastKnownFileType = sourcecode.swift; path = InvoiceViewModel.swift; sourceTree = "<group>"; };
		A6125B642868CA26001D6B37 /* Batch.swift */ = {isa = PBXFileReference; lastKnownFileType = sourcecode.swift; path = Batch.swift; sourceTree = "<group>"; };
		A645F74F2875B0FE007D4A32 /* BatcheViewModel.swift */ = {isa = PBXFileReference; lastKnownFileType = sourcecode.swift; path = BatcheViewModel.swift; sourceTree = "<group>"; };
		A68526EE287E302700DE6D59 /* User.swift */ = {isa = PBXFileReference; lastKnownFileType = sourcecode.swift; path = User.swift; sourceTree = "<group>"; };
		A68526F0287E309200DE6D59 /* AuthViewModel.swift */ = {isa = PBXFileReference; lastKnownFileType = sourcecode.swift; path = AuthViewModel.swift; sourceTree = "<group>"; };
		A68526F9287E365200DE6D59 /* AppKeys.swift */ = {isa = PBXFileReference; lastKnownFileType = sourcecode.swift; path = AppKeys.swift; sourceTree = "<group>"; };
		A6BF0A672881FCB500D29746 /* OrderSearchView.swift */ = {isa = PBXFileReference; lastKnownFileType = sourcecode.swift; path = OrderSearchView.swift; sourceTree = "<group>"; };
		A6BF0A692881FF4C00D29746 /* CameraView.swift */ = {isa = PBXFileReference; lastKnownFileType = sourcecode.swift; path = CameraView.swift; sourceTree = "<group>"; };
		EE0657652850A9D700E5C372 /* Derha.app */ = {isa = PBXFileReference; explicitFileType = wrapper.application; includeInIndex = 0; path = Derha.app; sourceTree = BUILT_PRODUCTS_DIR; };
		EE0657682850A9D700E5C372 /* DerhaApp.swift */ = {isa = PBXFileReference; lastKnownFileType = sourcecode.swift; path = DerhaApp.swift; sourceTree = "<group>"; };
		EE06576C2850A9D700E5C372 /* Assets.xcassets */ = {isa = PBXFileReference; lastKnownFileType = folder.assetcatalog; path = Assets.xcassets; sourceTree = "<group>"; };
		EE06576F2850A9D700E5C372 /* Preview Assets.xcassets */ = {isa = PBXFileReference; lastKnownFileType = folder.assetcatalog; path = "Preview Assets.xcassets"; sourceTree = "<group>"; };
		EE2245F72850D899008AE8C5 /* CustomTextField.swift */ = {isa = PBXFileReference; lastKnownFileType = sourcecode.swift; path = CustomTextField.swift; sourceTree = "<group>"; usesTabs = 0; };
		EE2245FD2850DBB6008AE8C5 /* ProductViewModel.swift */ = {isa = PBXFileReference; lastKnownFileType = sourcecode.swift; path = ProductViewModel.swift; sourceTree = "<group>"; };
		EE38A1B42852026400BC9E7C /* ClearButton.swift */ = {isa = PBXFileReference; lastKnownFileType = sourcecode.swift; path = ClearButton.swift; sourceTree = "<group>"; };
		EE38A1B62852028A00BC9E7C /* AddButton.swift */ = {isa = PBXFileReference; lastKnownFileType = sourcecode.swift; path = AddButton.swift; sourceTree = "<group>"; };
		EEC903CB28645170007B666A /* StockView.swift */ = {isa = PBXFileReference; lastKnownFileType = sourcecode.swift; path = StockView.swift; sourceTree = "<group>"; };
		EEC903CD2864517B007B666A /* ListView.swift */ = {isa = PBXFileReference; lastKnownFileType = sourcecode.swift; path = ListView.swift; sourceTree = "<group>"; };
		EEC903CF28645204007B666A /* EditProductInfoPage.swift */ = {isa = PBXFileReference; lastKnownFileType = sourcecode.swift; path = EditProductInfoPage.swift; sourceTree = "<group>"; };
		EEC903D128645227007B666A /* SearchView.swift */ = {isa = PBXFileReference; lastKnownFileType = sourcecode.swift; path = SearchView.swift; sourceTree = "<group>"; };
		EEC903D92864618C007B666A /* PreviewLayoutComponentModifier.swift */ = {isa = PBXFileReference; lastKnownFileType = sourcecode.swift; path = PreviewLayoutComponentModifier.swift; sourceTree = "<group>"; };
		EEC903DB286461DF007B666A /* PrinterExtension.swift */ = {isa = PBXFileReference; lastKnownFileType = sourcecode.swift; path = PrinterExtension.swift; sourceTree = "<group>"; };
		EEC903DD28646239007B666A /* Printer+Extensions.swift */ = {isa = PBXFileReference; lastKnownFileType = sourcecode.swift; path = "Printer+Extensions.swift"; sourceTree = "<group>"; };
		EEC903DF28646294007B666A /* PaymentSwiftUIView.swift */ = {isa = PBXFileReference; lastKnownFileType = sourcecode.swift; path = PaymentSwiftUIView.swift; sourceTree = "<group>"; };
		EEC903E2286462F9007B666A /* PopUpView.swift */ = {isa = PBXFileReference; lastKnownFileType = sourcecode.swift; path = PopUpView.swift; sourceTree = "<group>"; };
		EEC903E42864632D007B666A /* TextFieldView.swift */ = {isa = PBXFileReference; lastKnownFileType = sourcecode.swift; path = TextFieldView.swift; sourceTree = "<group>"; };
		EEC903E628646352007B666A /* OrderView.swift */ = {isa = PBXFileReference; lastKnownFileType = sourcecode.swift; path = OrderView.swift; sourceTree = "<group>"; };
		EEC903E828646397007B666A /* OrderViewModel.swift */ = {isa = PBXFileReference; lastKnownFileType = sourcecode.swift; path = OrderViewModel.swift; sourceTree = "<group>"; };
		EEC903EA286463B0007B666A /* StoreViewModel.swift */ = {isa = PBXFileReference; lastKnownFileType = sourcecode.swift; path = StoreViewModel.swift; sourceTree = "<group>"; };
		EEC903EC286463D8007B666A /* PrintManager.swift */ = {isa = PBXFileReference; lastKnownFileType = sourcecode.swift; path = PrintManager.swift; sourceTree = "<group>"; };
		EEC903EE28646408007B666A /* Order.swift */ = {isa = PBXFileReference; lastKnownFileType = sourcecode.swift; path = Order.swift; sourceTree = "<group>"; };
		EEC903F02864641E007B666A /* OrderItems.swift */ = {isa = PBXFileReference; lastKnownFileType = sourcecode.swift; path = OrderItems.swift; sourceTree = "<group>"; };
		EEC903F22864643C007B666A /* Invoice.swift */ = {isa = PBXFileReference; lastKnownFileType = sourcecode.swift; path = Invoice.swift; sourceTree = "<group>"; };
		EEC903F428646452007B666A /* Store.swift */ = {isa = PBXFileReference; lastKnownFileType = sourcecode.swift; path = Store.swift; sourceTree = "<group>"; };
		EEC903F628646465007B666A /* PrinterSize.swift */ = {isa = PBXFileReference; lastKnownFileType = sourcecode.swift; path = PrinterSize.swift; sourceTree = "<group>"; };
		EEC903F828646476007B666A /* QRManager.swift */ = {isa = PBXFileReference; lastKnownFileType = sourcecode.swift; path = QRManager.swift; sourceTree = "<group>"; };
		EECE13EF2854A3D800D2775E /* Product.swift */ = {isa = PBXFileReference; lastKnownFileType = sourcecode.swift; path = Product.swift; sourceTree = "<group>"; };
		EECEEED5285905FE00E09A69 /* AddNewProductView.swift */ = {isa = PBXFileReference; lastKnownFileType = sourcecode.swift; path = AddNewProductView.swift; sourceTree = "<group>"; };
		EED945CA2863AEAD00BD60EF /* TabView.swift */ = {isa = PBXFileReference; lastKnownFileType = sourcecode.swift; path = TabView.swift; sourceTree = "<group>"; };
/* End PBXFileReference section */

/* Begin PBXFrameworksBuildPhase section */
		EE0657622850A9D600E5C372 /* Frameworks */ = {
			isa = PBXFrameworksBuildPhase;
			buildActionMask = 2147483647;
			files = (
				776518D5286B21240063197A /* Printer in Frameworks */,
				A68526F6287E311D00DE6D59 /* FirebaseAuthCombine-Community in Frameworks */,
				A68526F4287E311D00DE6D59 /* FirebaseAuth in Frameworks */,
				776518D0286B1F3B0063197A /* FirebaseDatabase in Frameworks */,
				776518D2286B1F3B0063197A /* FirebaseFirestore in Frameworks */,
				77E03A88287B54B000EFC57C /* FirebaseFirestoreSwift in Frameworks */,
			);
			runOnlyForDeploymentPostprocessing = 0;
		};
/* End PBXFrameworksBuildPhase section */

/* Begin PBXGroup section */
		77E03A86287B54B000EFC57C /* Frameworks */ = {
			isa = PBXGroup;
			children = (
			);
			name = Frameworks;
			sourceTree = "<group>";
		};
		EE06575C2850A9D600E5C372 = {
			isa = PBXGroup;
			children = (
				EE0657672850A9D700E5C372 /* Derha */,
				EE0657662850A9D700E5C372 /* Products */,
				77E03A86287B54B000EFC57C /* Frameworks */,
			);
			sourceTree = "<group>";
		};
		EE0657662850A9D700E5C372 /* Products */ = {
			isa = PBXGroup;
			children = (
				EE0657652850A9D700E5C372 /* Derha.app */,
			);
			name = Products;
			sourceTree = "<group>";
		};
		EE0657672850A9D700E5C372 /* Derha */ = {
			isa = PBXGroup;
			children = (
				771BBC6D28831656001FF560 /* Derha.entitlements */,
				EE0657682850A9D700E5C372 /* DerhaApp.swift */,
				777021FA29236AC600BB85F5 /* stock.csv */,
				77793F6328E02F8600EE4748 /* GoogleService-Info.plist */,
				77E03A7F28795C5300EFC57C /* Localizable.strings */,
				EEC903D828646156007B666A /* Extensions */,
				EEC903E1286462AA007B666A /* Components */,
				EE06577A2850B1BF00E5C372 /* CustomView */,
				EE0657772850AB1700E5C372 /* Model */,
				EE0657782850AB3300E5C372 /* View */,
				EE0657762850AAFB00E5C372 /* ViewModel */,
				EE06576C2850A9D700E5C372 /* Assets.xcassets */,
				EE06576E2850A9D700E5C372 /* Preview Content */,
			);
			path = Derha;
			sourceTree = "<group>";
		};
		EE06576E2850A9D700E5C372 /* Preview Content */ = {
			isa = PBXGroup;
			children = (
				EE06576F2850A9D700E5C372 /* Preview Assets.xcassets */,
			);
			path = "Preview Content";
			sourceTree = "<group>";
		};
		EE0657762850AAFB00E5C372 /* ViewModel */ = {
			isa = PBXGroup;
			children = (
				EE2245FD2850DBB6008AE8C5 /* ProductViewModel.swift */,
				77E03AA7287B998900EFC57C /* QRCaptureSessionView.swift */,
				7712D6B6288957E5007D14A8 /* DeleteBatch.swift */,
				EEC903E828646397007B666A /* OrderViewModel.swift */,
				77ED48A62986D16600D3FC20 /* CashBoxViewModel.swift */,
				EEC903EA286463B0007B666A /* StoreViewModel.swift */,
				EEC903EC286463D8007B666A /* PrintManager.swift */,
				A645F74F2875B0FE007D4A32 /* BatcheViewModel.swift */,
				A68526F0287E309200DE6D59 /* AuthViewModel.swift */,
				77FFE342297528160034143D /* InvoiceViewModel.swift */,
			);
			path = ViewModel;
			sourceTree = "<group>";
		};
		EE0657772850AB1700E5C372 /* Model */ = {
			isa = PBXGroup;
			children = (
				EECE13EF2854A3D800D2775E /* Product.swift */,
				77ED48A42986D06400D3FC20 /* CashBox.swift */,
				EEC903EE28646408007B666A /* Order.swift */,
				EEC903F02864641E007B666A /* OrderItems.swift */,
				EEC903F22864643C007B666A /* Invoice.swift */,
				EEC903F428646452007B666A /* Store.swift */,
				EEC903F628646465007B666A /* PrinterSize.swift */,
				EEC903F828646476007B666A /* QRManager.swift */,
				A6125B642868CA26001D6B37 /* Batch.swift */,
				A68526EE287E302700DE6D59 /* User.swift */,
				A68526F9287E365200DE6D59 /* AppKeys.swift */,
				77CF959C2922656E000A972A /* ReadCSV.swift */,
			);
			path = Model;
			sourceTree = "<group>";
		};
		EE0657782850AB3300E5C372 /* View */ = {
			isa = PBXGroup;
			children = (
				EECEEED5285905FE00E09A69 /* AddNewProductView.swift */,
				774E6E48287E0A7D0060AA44 /* LogInView.swift */,
				775497322880944D00475397 /* TableNewProductView.swift */,
				EED945CA2863AEAD00BD60EF /* TabView.swift */,
				7754973028806B5700475397 /* EmptyListView.swift */,
				77185640287F160C00FCCC21 /* MainView.swift */,
				EEC903CB28645170007B666A /* StockView.swift */,
				EEC903CD2864517B007B666A /* ListView.swift */,
				EEC903CF28645204007B666A /* EditProductInfoPage.swift */,
				77CD40F829756EA500D659FF /* CashBoxView.swift */,
				776518D6286B361B0063197A /* OnlineOrders.swift */,
				77ED48A82986D18C00D3FC20 /* BoxInvoiceView.swift */,
				EEC903D128645227007B666A /* SearchView.swift */,
				EEC903E628646352007B666A /* OrderView.swift */,
				7762E7E7298936A900296F6C /* MonthlyInvoicesView.swift */,
				A6BF0A672881FCB500D29746 /* OrderSearchView.swift */,
				77A4AF7A288AB9E8004F00B7 /* AddView.swift */,
				77FFD74E298BB094000A1CD6 /* DailyBillsView.swift */,
				A6BF0A692881FF4C00D29746 /* CameraView.swift */,
				77FFE340297527FA0034143D /* InvoiceView.swift */,
			);
			path = View;
			sourceTree = "<group>";
		};
		EE06577A2850B1BF00E5C372 /* CustomView */ = {
			isa = PBXGroup;
			children = (
				EE2245F72850D899008AE8C5 /* CustomTextField.swift */,
				EE38A1B12851316400BC9E7C /* Button */,
			);
			path = CustomView;
			sourceTree = "<group>";
		};
		EE38A1B12851316400BC9E7C /* Button */ = {
			isa = PBXGroup;
			children = (
				EE38A1B42852026400BC9E7C /* ClearButton.swift */,
				EE38A1B62852028A00BC9E7C /* AddButton.swift */,
			);
			path = Button;
			sourceTree = "<group>";
		};
		EEC903D828646156007B666A /* Extensions */ = {
			isa = PBXGroup;
			children = (
				EEC903D92864618C007B666A /* PreviewLayoutComponentModifier.swift */,
				EEC903DB286461DF007B666A /* PrinterExtension.swift */,
				EEC903DD28646239007B666A /* Printer+Extensions.swift */,
				77F8C759287DB99B0078EACD /* NumbersFormatter.swift */,
				77E03A84287B2E9E00EFC57C /* LocalizationExtension.swift */,
			);
			path = Extensions;
			sourceTree = "<group>";
		};
		EEC903E1286462AA007B666A /* Components */ = {
			isa = PBXGroup;
			children = (
				EEC903DF28646294007B666A /* PaymentSwiftUIView.swift */,
				EEC903E2286462F9007B666A /* PopUpView.swift */,
				EEC903E42864632D007B666A /* TextFieldView.swift */,
				77A84FA22962D0C5001F627C /* LoginPopUp.swift */,
				7797182929752E0C00D486DE /* CheckoutComponents.swift */,
				77ED48A02986CFF900D3FC20 /* cashTextField.swift */,
				77ED48A22986D02100D3FC20 /* CashBoxPopUpView.swift */,
				77ED48AA2986D1E300D3FC20 /* SearchInvoiceView.swift */,
				77ED48AC2986D26700D3FC20 /* OpeningBoxInvoiceView.swift */,
				77FFE33C2975256B0034143D /* InvoiceRow.swift */,
				77FFE33E297525830034143D /* SelectedInvoiceView.swift */,
			);
			path = Components;
			sourceTree = "<group>";
		};
/* End PBXGroup section */

/* Begin PBXNativeTarget section */
		EE0657642850A9D600E5C372 /* Derha */ = {
			isa = PBXNativeTarget;
			buildConfigurationList = EE0657732850A9D700E5C372 /* Build configuration list for PBXNativeTarget "Derha" */;
			buildPhases = (
				EE0657612850A9D600E5C372 /* Sources */,
				EE0657622850A9D600E5C372 /* Frameworks */,
				EE0657632850A9D600E5C372 /* Resources */,
			);
			buildRules = (
			);
			dependencies = (
			);
			name = Derha;
			packageProductDependencies = (
				776518CF286B1F3B0063197A /* FirebaseDatabase */,
				776518D1286B1F3B0063197A /* FirebaseFirestore */,
				776518D4286B21240063197A /* Printer */,
				77E03A87287B54B000EFC57C /* FirebaseFirestoreSwift */,
				A68526F3287E311D00DE6D59 /* FirebaseAuth */,
				A68526F5287E311D00DE6D59 /* FirebaseAuthCombine-Community */,
			);
			productName = AJ;
			productReference = EE0657652850A9D700E5C372 /* Derha.app */;
			productType = "com.apple.product-type.application";
		};
/* End PBXNativeTarget section */

/* Begin PBXProject section */
		EE06575D2850A9D600E5C372 /* Project object */ = {
			isa = PBXProject;
			attributes = {
				BuildIndependentTargetsInParallel = 1;
				LastSwiftUpdateCheck = 1340;
				LastUpgradeCheck = 1420;
				TargetAttributes = {
					EE0657642850A9D600E5C372 = {
						CreatedOnToolsVersion = 13.4.1;
					};
				};
			};
			buildConfigurationList = EE0657602850A9D600E5C372 /* Build configuration list for PBXProject "Derha" */;
			compatibilityVersion = "Xcode 13.0";
			developmentRegion = en;
			hasScannedForEncodings = 0;
			knownRegions = (
				en,
				Base,
				ar,
				hi,
			);
			mainGroup = EE06575C2850A9D600E5C372;
			packageReferences = (
				776518CE286B1F3B0063197A /* XCRemoteSwiftPackageReference "firebase-ios-sdk" */,
				776518D3286B21240063197A /* XCRemoteSwiftPackageReference "Printer" */,
				A68526F2287E311D00DE6D59 /* XCRemoteSwiftPackageReference "firebase-ios-sdk" */,
			);
			productRefGroup = EE0657662850A9D700E5C372 /* Products */;
			projectDirPath = "";
			projectRoot = "";
			targets = (
				EE0657642850A9D600E5C372 /* Derha */,
			);
		};
/* End PBXProject section */

/* Begin PBXResourcesBuildPhase section */
		EE0657632850A9D600E5C372 /* Resources */ = {
			isa = PBXResourcesBuildPhase;
			buildActionMask = 2147483647;
			files = (
				EE0657702850A9D700E5C372 /* Preview Assets.xcassets in Resources */,
				77E03A7D28795C5300EFC57C /* Localizable.strings in Resources */,
				77793F6428E02F8600EE4748 /* GoogleService-Info.plist in Resources */,
				EE06576D2850A9D700E5C372 /* Assets.xcassets in Resources */,
				777021FB29236AC600BB85F5 /* stock.csv in Resources */,
			);
			runOnlyForDeploymentPostprocessing = 0;
		};
/* End PBXResourcesBuildPhase section */

/* Begin PBXSourcesBuildPhase section */
		EE0657612850A9D600E5C372 /* Sources */ = {
			isa = PBXSourcesBuildPhase;
			buildActionMask = 2147483647;
			files = (
				77FFE33D2975256B0034143D /* InvoiceRow.swift in Sources */,
				77185641287F160C00FCCC21 /* MainView.swift in Sources */,
				EECEEED6285905FE00E09A69 /* AddNewProductView.swift in Sources */,
				EEC903F12864641E007B666A /* OrderItems.swift in Sources */,
				A6BF0A6A2881FF4C00D29746 /* CameraView.swift in Sources */,
				EEC903E52864632D007B666A /* TextFieldView.swift in Sources */,
				EEC903DE28646239007B666A /* Printer+Extensions.swift in Sources */,
				EEC903EF28646408007B666A /* Order.swift in Sources */,
				EEC903CC28645170007B666A /* StockView.swift in Sources */,
				77A84FA32962D0C5001F627C /* LoginPopUp.swift in Sources */,
				77ED48A12986CFF900D3FC20 /* cashTextField.swift in Sources */,
				EEC903EB286463B0007B666A /* StoreViewModel.swift in Sources */,
				7797182A29752E0C00D486DE /* CheckoutComponents.swift in Sources */,
				EEC903E728646352007B666A /* OrderView.swift in Sources */,
				7762E7E8298936A900296F6C /* MonthlyInvoicesView.swift in Sources */,
				EEC903F32864643C007B666A /* Invoice.swift in Sources */,
				A68526FA287E365200DE6D59 /* AppKeys.swift in Sources */,
				77FFD74F298BB094000A1CD6 /* DailyBillsView.swift in Sources */,
				77ED48A52986D06400D3FC20 /* CashBox.swift in Sources */,
				77CF959D2922656E000A972A /* ReadCSV.swift in Sources */,
				EEC903DA2864618C007B666A /* PreviewLayoutComponentModifier.swift in Sources */,
				774E6E49287E0A7D0060AA44 /* LogInView.swift in Sources */,
				EE0657692850A9D700E5C372 /* DerhaApp.swift in Sources */,
				7754973128806B5700475397 /* EmptyListView.swift in Sources */,
				EEC903D228645227007B666A /* SearchView.swift in Sources */,
				EECE13F02854A3D800D2775E /* Product.swift in Sources */,
				A645F7502875B0FE007D4A32 /* BatcheViewModel.swift in Sources */,
				EEC903DC286461DF007B666A /* PrinterExtension.swift in Sources */,
				EEC903E028646294007B666A /* PaymentSwiftUIView.swift in Sources */,
				77FFE341297527FA0034143D /* InvoiceView.swift in Sources */,
				776518D7286B361B0063197A /* OnlineOrders.swift in Sources */,
				77FFE343297528160034143D /* InvoiceViewModel.swift in Sources */,
				A68526F1287E309200DE6D59 /* AuthViewModel.swift in Sources */,
				EEC903F928646476007B666A /* QRManager.swift in Sources */,
				7712D6B7288957E5007D14A8 /* DeleteBatch.swift in Sources */,
				77E03AA8287B998900EFC57C /* QRCaptureSessionView.swift in Sources */,
				77F8C75A287DB99B0078EACD /* NumbersFormatter.swift in Sources */,
				EE2245FE2850DBB6008AE8C5 /* ProductViewModel.swift in Sources */,
				77ED48A92986D18C00D3FC20 /* BoxInvoiceView.swift in Sources */,
				EEC903F728646465007B666A /* PrinterSize.swift in Sources */,
				77ED48AB2986D1E300D3FC20 /* SearchInvoiceView.swift in Sources */,
				EE2245F82850D899008AE8C5 /* CustomTextField.swift in Sources */,
				A68526EF287E302700DE6D59 /* User.swift in Sources */,
				A6BF0A682881FCB500D29746 /* OrderSearchView.swift in Sources */,
				EEC903E3286462F9007B666A /* PopUpView.swift in Sources */,
				77ED48A32986D02100D3FC20 /* CashBoxPopUpView.swift in Sources */,
				EEC903CE2864517B007B666A /* ListView.swift in Sources */,
				775497332880944D00475397 /* TableNewProductView.swift in Sources */,
				77A4AF7B288AB9E8004F00B7 /* AddView.swift in Sources */,
				EE38A1B52852026400BC9E7C /* ClearButton.swift in Sources */,
				77CD40F929756EA500D659FF /* CashBoxView.swift in Sources */,
				EEC903D028645204007B666A /* EditProductInfoPage.swift in Sources */,
				EEC903ED286463D8007B666A /* PrintManager.swift in Sources */,
				77FFE33F297525830034143D /* SelectedInvoiceView.swift in Sources */,
				EEC903E928646397007B666A /* OrderViewModel.swift in Sources */,
				A6125B652868CA26001D6B37 /* Batch.swift in Sources */,
				EEC903F528646452007B666A /* Store.swift in Sources */,
				77ED48A72986D16600D3FC20 /* CashBoxViewModel.swift in Sources */,
				77E03A85287B2E9E00EFC57C /* LocalizationExtension.swift in Sources */,
				EE38A1B72852028A00BC9E7C /* AddButton.swift in Sources */,
				EED945CB2863AEAD00BD60EF /* TabView.swift in Sources */,
				77ED48AD2986D26700D3FC20 /* OpeningBoxInvoiceView.swift in Sources */,
			);
			runOnlyForDeploymentPostprocessing = 0;
		};
/* End PBXSourcesBuildPhase section */

/* Begin PBXVariantGroup section */
		77E03A7F28795C5300EFC57C /* Localizable.strings */ = {
			isa = PBXVariantGroup;
			children = (
				77E03A8028795C5F00EFC57C /* en */,
				77E03A812879671D00EFC57C /* ar */,
				77E03A83287999FC00EFC57C /* hi */,
			);
			name = Localizable.strings;
			sourceTree = "<group>";
		};
/* End PBXVariantGroup section */

/* Begin XCBuildConfiguration section */
		EE0657712850A9D700E5C372 /* Debug */ = {
			isa = XCBuildConfiguration;
			buildSettings = {
				ALWAYS_SEARCH_USER_PATHS = NO;
				CLANG_ANALYZER_LOCALIZABILITY_NONLOCALIZED = YES;
				CLANG_ANALYZER_NONNULL = YES;
				CLANG_ANALYZER_NUMBER_OBJECT_CONVERSION = YES_AGGRESSIVE;
				CLANG_CXX_LANGUAGE_STANDARD = "gnu++17";
				CLANG_ENABLE_MODULES = YES;
				CLANG_ENABLE_OBJC_ARC = YES;
				CLANG_ENABLE_OBJC_WEAK = YES;
				CLANG_WARN_BLOCK_CAPTURE_AUTORELEASING = YES;
				CLANG_WARN_BOOL_CONVERSION = YES;
				CLANG_WARN_COMMA = YES;
				CLANG_WARN_CONSTANT_CONVERSION = YES;
				CLANG_WARN_DEPRECATED_OBJC_IMPLEMENTATIONS = YES;
				CLANG_WARN_DIRECT_OBJC_ISA_USAGE = YES_ERROR;
				CLANG_WARN_DOCUMENTATION_COMMENTS = YES;
				CLANG_WARN_EMPTY_BODY = YES;
				CLANG_WARN_ENUM_CONVERSION = YES;
				CLANG_WARN_INFINITE_RECURSION = YES;
				CLANG_WARN_INT_CONVERSION = YES;
				CLANG_WARN_NON_LITERAL_NULL_CONVERSION = YES;
				CLANG_WARN_OBJC_IMPLICIT_RETAIN_SELF = YES;
				CLANG_WARN_OBJC_LITERAL_CONVERSION = YES;
				CLANG_WARN_OBJC_ROOT_CLASS = YES_ERROR;
				CLANG_WARN_QUOTED_INCLUDE_IN_FRAMEWORK_HEADER = YES;
				CLANG_WARN_RANGE_LOOP_ANALYSIS = YES;
				CLANG_WARN_STRICT_PROTOTYPES = YES;
				CLANG_WARN_SUSPICIOUS_MOVE = YES;
				CLANG_WARN_UNGUARDED_AVAILABILITY = YES_AGGRESSIVE;
				CLANG_WARN_UNREACHABLE_CODE = YES;
				CLANG_WARN__DUPLICATE_METHOD_MATCH = YES;
				COPY_PHASE_STRIP = NO;
				DEBUG_INFORMATION_FORMAT = dwarf;
				ENABLE_STRICT_OBJC_MSGSEND = YES;
				ENABLE_TESTABILITY = YES;
				GCC_C_LANGUAGE_STANDARD = gnu11;
				GCC_DYNAMIC_NO_PIC = NO;
				GCC_NO_COMMON_BLOCKS = YES;
				GCC_OPTIMIZATION_LEVEL = 0;
				GCC_PREPROCESSOR_DEFINITIONS = (
					"DEBUG=1",
					"$(inherited)",
				);
				GCC_WARN_64_TO_32_BIT_CONVERSION = YES;
				GCC_WARN_ABOUT_RETURN_TYPE = YES_ERROR;
				GCC_WARN_UNDECLARED_SELECTOR = YES;
				GCC_WARN_UNINITIALIZED_AUTOS = YES_AGGRESSIVE;
				GCC_WARN_UNUSED_FUNCTION = YES;
				GCC_WARN_UNUSED_VARIABLE = YES;
				IPHONEOS_DEPLOYMENT_TARGET = 15.5;
				MTL_ENABLE_DEBUG_INFO = INCLUDE_SOURCE;
				MTL_FAST_MATH = YES;
				ONLY_ACTIVE_ARCH = YES;
				SDKROOT = iphoneos;
				SWIFT_ACTIVE_COMPILATION_CONDITIONS = DEBUG;
				SWIFT_OPTIMIZATION_LEVEL = "-Onone";
			};
			name = Debug;
		};
		EE0657722850A9D700E5C372 /* Release */ = {
			isa = XCBuildConfiguration;
			buildSettings = {
				ALWAYS_SEARCH_USER_PATHS = NO;
				CLANG_ANALYZER_LOCALIZABILITY_NONLOCALIZED = YES;
				CLANG_ANALYZER_NONNULL = YES;
				CLANG_ANALYZER_NUMBER_OBJECT_CONVERSION = YES_AGGRESSIVE;
				CLANG_CXX_LANGUAGE_STANDARD = "gnu++17";
				CLANG_ENABLE_MODULES = YES;
				CLANG_ENABLE_OBJC_ARC = YES;
				CLANG_ENABLE_OBJC_WEAK = YES;
				CLANG_WARN_BLOCK_CAPTURE_AUTORELEASING = YES;
				CLANG_WARN_BOOL_CONVERSION = YES;
				CLANG_WARN_COMMA = YES;
				CLANG_WARN_CONSTANT_CONVERSION = YES;
				CLANG_WARN_DEPRECATED_OBJC_IMPLEMENTATIONS = YES;
				CLANG_WARN_DIRECT_OBJC_ISA_USAGE = YES_ERROR;
				CLANG_WARN_DOCUMENTATION_COMMENTS = YES;
				CLANG_WARN_EMPTY_BODY = YES;
				CLANG_WARN_ENUM_CONVERSION = YES;
				CLANG_WARN_INFINITE_RECURSION = YES;
				CLANG_WARN_INT_CONVERSION = YES;
				CLANG_WARN_NON_LITERAL_NULL_CONVERSION = YES;
				CLANG_WARN_OBJC_IMPLICIT_RETAIN_SELF = YES;
				CLANG_WARN_OBJC_LITERAL_CONVERSION = YES;
				CLANG_WARN_OBJC_ROOT_CLASS = YES_ERROR;
				CLANG_WARN_QUOTED_INCLUDE_IN_FRAMEWORK_HEADER = YES;
				CLANG_WARN_RANGE_LOOP_ANALYSIS = YES;
				CLANG_WARN_STRICT_PROTOTYPES = YES;
				CLANG_WARN_SUSPICIOUS_MOVE = YES;
				CLANG_WARN_UNGUARDED_AVAILABILITY = YES_AGGRESSIVE;
				CLANG_WARN_UNREACHABLE_CODE = YES;
				CLANG_WARN__DUPLICATE_METHOD_MATCH = YES;
				COPY_PHASE_STRIP = NO;
				DEBUG_INFORMATION_FORMAT = "dwarf-with-dsym";
				ENABLE_NS_ASSERTIONS = NO;
				ENABLE_STRICT_OBJC_MSGSEND = YES;
				GCC_C_LANGUAGE_STANDARD = gnu11;
				GCC_NO_COMMON_BLOCKS = YES;
				GCC_OPTIMIZATION_LEVEL = 0;
				GCC_WARN_64_TO_32_BIT_CONVERSION = YES;
				GCC_WARN_ABOUT_RETURN_TYPE = YES_ERROR;
				GCC_WARN_UNDECLARED_SELECTOR = YES;
				GCC_WARN_UNINITIALIZED_AUTOS = YES_AGGRESSIVE;
				GCC_WARN_UNUSED_FUNCTION = YES;
				GCC_WARN_UNUSED_VARIABLE = YES;
				IPHONEOS_DEPLOYMENT_TARGET = 15.5;
				MTL_ENABLE_DEBUG_INFO = NO;
				MTL_FAST_MATH = YES;
				SDKROOT = iphoneos;
				SWIFT_OPTIMIZATION_LEVEL = "-Onone";
				VALIDATE_PRODUCT = YES;
			};
			name = Release;
		};
		EE0657742850A9D700E5C372 /* Debug */ = {
			isa = XCBuildConfiguration;
			buildSettings = {
				ASSETCATALOG_COMPILER_APPICON_NAME = AppIcon;
				ASSETCATALOG_COMPILER_GLOBAL_ACCENT_COLOR_NAME = AccentColor;
				CODE_SIGN_ENTITLEMENTS = Derha/Derha.entitlements;
				CODE_SIGN_STYLE = Automatic;
				CURRENT_PROJECT_VERSION = 9.1;
				DEVELOPMENT_ASSET_PATHS = "\"Derha/Preview Content\"";
				DEVELOPMENT_TEAM = D86LN72L7X;
				ENABLE_PREVIEWS = YES;
				GENERATE_INFOPLIST_FILE = YES;
				INFOPLIST_FILE = Derha/Info.plist;
				INFOPLIST_KEY_CFBundleDisplayName = "Deerha POS";
				INFOPLIST_KEY_NSBluetoothAlwaysUsageDescription = printer;
				INFOPLIST_KEY_NSCameraUsageDescription = "This app needs camera access to scan barcode number";
				INFOPLIST_KEY_UIApplicationSupportsIndirectInputEvents = YES;
				INFOPLIST_KEY_UILaunchScreen_Generation = YES;
				INFOPLIST_KEY_UIRequiresFullScreen = YES;
				INFOPLIST_KEY_UISupportedInterfaceOrientations = UIInterfaceOrientationLandscapeLeft;
				INFOPLIST_KEY_UISupportedInterfaceOrientations_iPad = "UIInterfaceOrientationLandscapeLeft UIInterfaceOrientationLandscapeRight";
				INFOPLIST_KEY_UISupportedInterfaceOrientations_iPhone = "UIInterfaceOrientationLandscapeLeft UIInterfaceOrientationLandscapeRight";
				IPHONEOS_DEPLOYMENT_TARGET = 15.5;
				LD_RUNPATH_SEARCH_PATHS = (
					"$(inherited)",
					"@executable_path/Frameworks",
				);
				MARKETING_VERSION = 9.2;
				PRODUCT_BUNDLE_IDENTIFIER = com.inffe.team;
				PRODUCT_NAME = "$(TARGET_NAME)";
				SWIFT_EMIT_LOC_STRINGS = YES;
				SWIFT_VERSION = 5.0;
				TARGETED_DEVICE_FAMILY = 2;
			};
			name = Debug;
		};
		EE0657752850A9D700E5C372 /* Release */ = {
			isa = XCBuildConfiguration;
			buildSettings = {
				ASSETCATALOG_COMPILER_APPICON_NAME = AppIcon;
				ASSETCATALOG_COMPILER_GLOBAL_ACCENT_COLOR_NAME = AccentColor;
				CODE_SIGN_ENTITLEMENTS = Derha/Derha.entitlements;
				CODE_SIGN_STYLE = Automatic;
				CURRENT_PROJECT_VERSION = 9.1;
				DEVELOPMENT_ASSET_PATHS = "\"Derha/Preview Content\"";
				DEVELOPMENT_TEAM = D86LN72L7X;
				ENABLE_PREVIEWS = YES;
				GENERATE_INFOPLIST_FILE = YES;
				INFOPLIST_FILE = Derha/Info.plist;
				INFOPLIST_KEY_CFBundleDisplayName = "Deerha POS";
				INFOPLIST_KEY_NSBluetoothAlwaysUsageDescription = printer;
				INFOPLIST_KEY_NSCameraUsageDescription = "This app needs camera access to scan barcode number";
				INFOPLIST_KEY_UIApplicationSupportsIndirectInputEvents = YES;
				INFOPLIST_KEY_UILaunchScreen_Generation = YES;
				INFOPLIST_KEY_UIRequiresFullScreen = YES;
				INFOPLIST_KEY_UISupportedInterfaceOrientations = UIInterfaceOrientationLandscapeLeft;
				INFOPLIST_KEY_UISupportedInterfaceOrientations_iPad = "UIInterfaceOrientationLandscapeLeft UIInterfaceOrientationLandscapeRight";
				INFOPLIST_KEY_UISupportedInterfaceOrientations_iPhone = "UIInterfaceOrientationLandscapeLeft UIInterfaceOrientationLandscapeRight";
				IPHONEOS_DEPLOYMENT_TARGET = 15.5;
				LD_RUNPATH_SEARCH_PATHS = (
					"$(inherited)",
					"@executable_path/Frameworks",
				);
				MARKETING_VERSION = 9.2;
				PRODUCT_BUNDLE_IDENTIFIER = com.inffe.team;
				PRODUCT_NAME = "$(TARGET_NAME)";
				SWIFT_EMIT_LOC_STRINGS = YES;
				SWIFT_VERSION = 5.0;
				TARGETED_DEVICE_FAMILY = 2;
			};
			name = Release;
		};
/* End XCBuildConfiguration section */

/* Begin XCConfigurationList section */
		EE0657602850A9D600E5C372 /* Build configuration list for PBXProject "Derha" */ = {
			isa = XCConfigurationList;
			buildConfigurations = (
				EE0657712850A9D700E5C372 /* Debug */,
				EE0657722850A9D700E5C372 /* Release */,
			);
			defaultConfigurationIsVisible = 0;
			defaultConfigurationName = Release;
		};
		EE0657732850A9D700E5C372 /* Build configuration list for PBXNativeTarget "Derha" */ = {
			isa = XCConfigurationList;
			buildConfigurations = (
				EE0657742850A9D700E5C372 /* Debug */,
				EE0657752850A9D700E5C372 /* Release */,
			);
			defaultConfigurationIsVisible = 0;
			defaultConfigurationName = Release;
		};
/* End XCConfigurationList section */

/* Begin XCRemoteSwiftPackageReference section */
		776518CE286B1F3B0063197A /* XCRemoteSwiftPackageReference "firebase-ios-sdk" */ = {
			isa = XCRemoteSwiftPackageReference;
			repositoryURL = "https://github.com/firebase/firebase-ios-sdk";
			requirement = {
				kind = upToNextMajorVersion;
				minimumVersion = 9.0.0;
			};
		};
		776518D3286B21240063197A /* XCRemoteSwiftPackageReference "Printer" */ = {
			isa = XCRemoteSwiftPackageReference;
			repositoryURL = "https://github.com/KevinGong2013/Printer";
			requirement = {
				branch = master;
				kind = branch;
			};
		};
		A68526F2287E311D00DE6D59 /* XCRemoteSwiftPackageReference "firebase-ios-sdk" */ = {
			isa = XCRemoteSwiftPackageReference;
			repositoryURL = "https://github.com/firebase/firebase-ios-sdk";
			requirement = {
				kind = upToNextMajorVersion;
				minimumVersion = 9.0.0;
			};
		};
/* End XCRemoteSwiftPackageReference section */

/* Begin XCSwiftPackageProductDependency section */
		776518CF286B1F3B0063197A /* FirebaseDatabase */ = {
			isa = XCSwiftPackageProductDependency;
			package = 776518CE286B1F3B0063197A /* XCRemoteSwiftPackageReference "firebase-ios-sdk" */;
			productName = FirebaseDatabase;
		};
		776518D1286B1F3B0063197A /* FirebaseFirestore */ = {
			isa = XCSwiftPackageProductDependency;
			package = 776518CE286B1F3B0063197A /* XCRemoteSwiftPackageReference "firebase-ios-sdk" */;
			productName = FirebaseFirestore;
		};
		776518D4286B21240063197A /* Printer */ = {
			isa = XCSwiftPackageProductDependency;
			package = 776518D3286B21240063197A /* XCRemoteSwiftPackageReference "Printer" */;
			productName = Printer;
		};
		77E03A87287B54B000EFC57C /* FirebaseFirestoreSwift */ = {
			isa = XCSwiftPackageProductDependency;
			package = 776518CE286B1F3B0063197A /* XCRemoteSwiftPackageReference "firebase-ios-sdk" */;
			productName = FirebaseFirestoreSwift;
		};
		A68526F3287E311D00DE6D59 /* FirebaseAuth */ = {
			isa = XCSwiftPackageProductDependency;
			package = 776518CE286B1F3B0063197A /* XCRemoteSwiftPackageReference "firebase-ios-sdk" */;
			productName = FirebaseAuth;
		};
		A68526F5287E311D00DE6D59 /* FirebaseAuthCombine-Community */ = {
			isa = XCSwiftPackageProductDependency;
			package = 776518CE286B1F3B0063197A /* XCRemoteSwiftPackageReference "firebase-ios-sdk" */;
			productName = "FirebaseAuthCombine-Community";
		};
/* End XCSwiftPackageProductDependency section */
	};
	rootObject = EE06575D2850A9D600E5C372 /* Project object */;
}
